// !$*UTF8*$!
{
	archiveVersion = 1;
	classes = {
	};
	objectVersion = 50;
	objects = {

/* Begin PBXBuildFile section */
		1805C5632203AA9300256F7B /* AppDelegate.swift in Sources */ = {isa = PBXBuildFile; fileRef = 1805C5622203AA9300256F7B /* AppDelegate.swift */; };
		1805C5652203AA9300256F7B /* ViewController.swift in Sources */ = {isa = PBXBuildFile; fileRef = 1805C5642203AA9300256F7B /* ViewController.swift */; };
		1805C5682203AA9300256F7B /* Main.storyboard in Resources */ = {isa = PBXBuildFile; fileRef = 1805C5662203AA9300256F7B /* Main.storyboard */; };
		1805C56A2203AA9400256F7B /* Assets.xcassets in Resources */ = {isa = PBXBuildFile; fileRef = 1805C5692203AA9400256F7B /* Assets.xcassets */; };
		1805C56D2203AA9400256F7B /* LaunchScreen.storyboard in Resources */ = {isa = PBXBuildFile; fileRef = 1805C56B2203AA9400256F7B /* LaunchScreen.storyboard */; };
		1805C5722203AA9400256F7B /* RockPaperScissorsSwift WatchKit App.app in Embed Watch Content */ = {isa = PBXBuildFile; fileRef = 1805C5712203AA9400256F7B /* RockPaperScissorsSwift WatchKit App.app */; };
		1805C5782203AA9400256F7B /* Interface.storyboard in Resources */ = {isa = PBXBuildFile; fileRef = 1805C5762203AA9400256F7B /* Interface.storyboard */; };
		1805C57A2203AA9500256F7B /* Assets.xcassets in Resources */ = {isa = PBXBuildFile; fileRef = 1805C5792203AA9500256F7B /* Assets.xcassets */; };
		1805C5812203AA9500256F7B /* RockPaperScissorsSwift WatchKit Extension.appex in Embed App Extensions */ = {isa = PBXBuildFile; fileRef = 1805C5802203AA9500256F7B /* RockPaperScissorsSwift WatchKit Extension.appex */; settings = {ATTRIBUTES = (RemoveHeadersOnCopy, ); }; };
		1805C5862203AA9500256F7B /* InterfaceController.swift in Sources */ = {isa = PBXBuildFile; fileRef = 1805C5852203AA9500256F7B /* InterfaceController.swift */; };
		1805C5882203AA9500256F7B /* ExtensionDelegate.swift in Sources */ = {isa = PBXBuildFile; fileRef = 1805C5872203AA9500256F7B /* ExtensionDelegate.swift */; };
		1805C58A2203AA9500256F7B /* Assets.xcassets in Resources */ = {isa = PBXBuildFile; fileRef = 1805C5892203AA9500256F7B /* Assets.xcassets */; };
/* End PBXBuildFile section */

/* Begin PBXContainerItemProxy section */
		1805C5732203AA9400256F7B /* PBXContainerItemProxy */ = {
			isa = PBXContainerItemProxy;
			containerPortal = 1805C5572203AA9300256F7B /* Project object */;
			proxyType = 1;
			remoteGlobalIDString = 1805C5702203AA9400256F7B;
			remoteInfo = "RockPaperScissorsSwift WatchKit App";
		};
		1805C5822203AA9500256F7B /* PBXContainerItemProxy */ = {
			isa = PBXContainerItemProxy;
			containerPortal = 1805C5572203AA9300256F7B /* Project object */;
			proxyType = 1;
			remoteGlobalIDString = 1805C57F2203AA9500256F7B;
			remoteInfo = "RockPaperScissorsSwift WatchKit Extension";
		};
/* End PBXContainerItemProxy section */

/* Begin PBXCopyFilesBuildPhase section */
		1805C5912203AA9500256F7B /* Embed App Extensions */ = {
			isa = PBXCopyFilesBuildPhase;
			buildActionMask = 2147483647;
			dstPath = "";
			dstSubfolderSpec = 13;
			files = (
				1805C5812203AA9500256F7B /* RockPaperScissorsSwift WatchKit Extension.appex in Embed App Extensions */,
			);
			name = "Embed App Extensions";
			runOnlyForDeploymentPostprocessing = 0;
		};
		1805C5952203AA9500256F7B /* Embed Watch Content */ = {
			isa = PBXCopyFilesBuildPhase;
			buildActionMask = 2147483647;
			dstPath = "$(CONTENTS_FOLDER_PATH)/Watch";
			dstSubfolderSpec = 16;
			files = (
				1805C5722203AA9400256F7B /* RockPaperScissorsSwift WatchKit App.app in Embed Watch Content */,
			);
			name = "Embed Watch Content";
			runOnlyForDeploymentPostprocessing = 0;
		};
/* End PBXCopyFilesBuildPhase section */

/* Begin PBXFileReference section */
		1805C55F2203AA9300256F7B /* RockPaperScissorsSwift.app */ = {isa = PBXFileReference; explicitFileType = wrapper.application; includeInIndex = 0; path = RockPaperScissorsSwift.app; sourceTree = BUILT_PRODUCTS_DIR; };
		1805C5622203AA9300256F7B /* AppDelegate.swift */ = {isa = PBXFileReference; lastKnownFileType = sourcecode.swift; path = AppDelegate.swift; sourceTree = "<group>"; };
		1805C5642203AA9300256F7B /* ViewController.swift */ = {isa = PBXFileReference; lastKnownFileType = sourcecode.swift; path = ViewController.swift; sourceTree = "<group>"; };
		1805C5672203AA9300256F7B /* Base */ = {isa = PBXFileReference; lastKnownFileType = file.storyboard; name = Base; path = Base.lproj/Main.storyboard; sourceTree = "<group>"; };
		1805C5692203AA9400256F7B /* Assets.xcassets */ = {isa = PBXFileReference; lastKnownFileType = folder.assetcatalog; path = Assets.xcassets; sourceTree = "<group>"; };
		1805C56C2203AA9400256F7B /* Base */ = {isa = PBXFileReference; lastKnownFileType = file.storyboard; name = Base; path = Base.lproj/LaunchScreen.storyboard; sourceTree = "<group>"; };
		1805C56E2203AA9400256F7B /* Info.plist */ = {isa = PBXFileReference; lastKnownFileType = text.plist.xml; path = Info.plist; sourceTree = "<group>"; };
		1805C5712203AA9400256F7B /* RockPaperScissorsSwift WatchKit App.app */ = {isa = PBXFileReference; explicitFileType = wrapper.application; includeInIndex = 0; path = "RockPaperScissorsSwift WatchKit App.app"; sourceTree = BUILT_PRODUCTS_DIR; };
		1805C5772203AA9400256F7B /* Base */ = {isa = PBXFileReference; lastKnownFileType = file.storyboard; name = Base; path = Base.lproj/Interface.storyboard; sourceTree = "<group>"; };
		1805C5792203AA9500256F7B /* Assets.xcassets */ = {isa = PBXFileReference; lastKnownFileType = folder.assetcatalog; path = Assets.xcassets; sourceTree = "<group>"; };
		1805C57B2203AA9500256F7B /* Info.plist */ = {isa = PBXFileReference; lastKnownFileType = text.plist.xml; path = Info.plist; sourceTree = "<group>"; };
		1805C5802203AA9500256F7B /* RockPaperScissorsSwift WatchKit Extension.appex */ = {isa = PBXFileReference; explicitFileType = "wrapper.app-extension"; includeInIndex = 0; path = "RockPaperScissorsSwift WatchKit Extension.appex"; sourceTree = BUILT_PRODUCTS_DIR; };
		1805C5852203AA9500256F7B /* InterfaceController.swift */ = {isa = PBXFileReference; lastKnownFileType = sourcecode.swift; path = InterfaceController.swift; sourceTree = "<group>"; };
		1805C5872203AA9500256F7B /* ExtensionDelegate.swift */ = {isa = PBXFileReference; lastKnownFileType = sourcecode.swift; path = ExtensionDelegate.swift; sourceTree = "<group>"; };
		1805C5892203AA9500256F7B /* Assets.xcassets */ = {isa = PBXFileReference; lastKnownFileType = folder.assetcatalog; path = Assets.xcassets; sourceTree = "<group>"; };
		1805C58B2203AA9500256F7B /* Info.plist */ = {isa = PBXFileReference; lastKnownFileType = text.plist.xml; path = Info.plist; sourceTree = "<group>"; };
/* End PBXFileReference section */

/* Begin PBXFrameworksBuildPhase section */
		1805C55C2203AA9300256F7B /* Frameworks */ = {
			isa = PBXFrameworksBuildPhase;
			buildActionMask = 2147483647;
			files = (
			);
			runOnlyForDeploymentPostprocessing = 0;
		};
		1805C57D2203AA9500256F7B /* Frameworks */ = {
			isa = PBXFrameworksBuildPhase;
			buildActionMask = 2147483647;
			files = (
			);
			runOnlyForDeploymentPostprocessing = 0;
		};
/* End PBXFrameworksBuildPhase section */

/* Begin PBXGroup section */
		1805C5562203AA9200256F7B = {
			isa = PBXGroup;
			children = (
				1805C5612203AA9300256F7B /* RockPaperScissorsSwift */,
				1805C5752203AA9400256F7B /* RockPaperScissorsSwift WatchKit App */,
				1805C5842203AA9500256F7B /* RockPaperScissorsSwift WatchKit Extension */,
				1805C5602203AA9300256F7B /* Products */,
			);
			sourceTree = "<group>";
		};
		1805C5602203AA9300256F7B /* Products */ = {
			isa = PBXGroup;
			children = (
				1805C55F2203AA9300256F7B /* RockPaperScissorsSwift.app */,
				1805C5712203AA9400256F7B /* RockPaperScissorsSwift WatchKit App.app */,
				1805C5802203AA9500256F7B /* RockPaperScissorsSwift WatchKit Extension.appex */,
			);
			name = Products;
			sourceTree = "<group>";
		};
		1805C5612203AA9300256F7B /* RockPaperScissorsSwift */ = {
			isa = PBXGroup;
			children = (
				1805C5622203AA9300256F7B /* AppDelegate.swift */,
				1805C5642203AA9300256F7B /* ViewController.swift */,
				1805C5662203AA9300256F7B /* Main.storyboard */,
				1805C5692203AA9400256F7B /* Assets.xcassets */,
				1805C56B2203AA9400256F7B /* LaunchScreen.storyboard */,
				1805C56E2203AA9400256F7B /* Info.plist */,
			);
			path = RockPaperScissorsSwift;
			sourceTree = "<group>";
		};
		1805C5752203AA9400256F7B /* RockPaperScissorsSwift WatchKit App */ = {
			isa = PBXGroup;
			children = (
				1805C5762203AA9400256F7B /* Interface.storyboard */,
				1805C5792203AA9500256F7B /* Assets.xcassets */,
				1805C57B2203AA9500256F7B /* Info.plist */,
			);
			path = "RockPaperScissorsSwift WatchKit App";
			sourceTree = "<group>";
		};
		1805C5842203AA9500256F7B /* RockPaperScissorsSwift WatchKit Extension */ = {
			isa = PBXGroup;
			children = (
				1805C5852203AA9500256F7B /* InterfaceController.swift */,
				1805C5872203AA9500256F7B /* ExtensionDelegate.swift */,
				1805C5892203AA9500256F7B /* Assets.xcassets */,
				1805C58B2203AA9500256F7B /* Info.plist */,
			);
			path = "RockPaperScissorsSwift WatchKit Extension";
			sourceTree = "<group>";
		};
/* End PBXGroup section */

/* Begin PBXNativeTarget section */
		1805C55E2203AA9300256F7B /* RockPaperScissorsSwift */ = {
			isa = PBXNativeTarget;
			buildConfigurationList = 1805C5962203AA9500256F7B /* Build configuration list for PBXNativeTarget "RockPaperScissorsSwift" */;
			buildPhases = (
				1805C55B2203AA9300256F7B /* Sources */,
				1805C55C2203AA9300256F7B /* Frameworks */,
				1805C55D2203AA9300256F7B /* Resources */,
				1805C5952203AA9500256F7B /* Embed Watch Content */,
			);
			buildRules = (
			);
			dependencies = (
				1805C5742203AA9400256F7B /* PBXTargetDependency */,
			);
			name = RockPaperScissorsSwift;
			productName = RockPaperScissorsSwift;
			productReference = 1805C55F2203AA9300256F7B /* RockPaperScissorsSwift.app */;
			productType = "com.apple.product-type.application";
		};
		1805C5702203AA9400256F7B /* RockPaperScissorsSwift WatchKit App */ = {
			isa = PBXNativeTarget;
			buildConfigurationList = 1805C5922203AA9500256F7B /* Build configuration list for PBXNativeTarget "RockPaperScissorsSwift WatchKit App" */;
			buildPhases = (
				1805C56F2203AA9400256F7B /* Resources */,
				1805C5912203AA9500256F7B /* Embed App Extensions */,
			);
			buildRules = (
			);
			dependencies = (
				1805C5832203AA9500256F7B /* PBXTargetDependency */,
			);
			name = "RockPaperScissorsSwift WatchKit App";
			productName = "RockPaperScissorsSwift WatchKit App";
			productReference = 1805C5712203AA9400256F7B /* RockPaperScissorsSwift WatchKit App.app */;
			productType = "com.apple.product-type.application.watchapp2";
		};
		1805C57F2203AA9500256F7B /* RockPaperScissorsSwift WatchKit Extension */ = {
			isa = PBXNativeTarget;
			buildConfigurationList = 1805C58E2203AA9500256F7B /* Build configuration list for PBXNativeTarget "RockPaperScissorsSwift WatchKit Extension" */;
			buildPhases = (
				1805C57C2203AA9500256F7B /* Sources */,
				1805C57D2203AA9500256F7B /* Frameworks */,
				1805C57E2203AA9500256F7B /* Resources */,
			);
			buildRules = (
			);
			dependencies = (
			);
			name = "RockPaperScissorsSwift WatchKit Extension";
			productName = "RockPaperScissorsSwift WatchKit Extension";
			productReference = 1805C5802203AA9500256F7B /* RockPaperScissorsSwift WatchKit Extension.appex */;
			productType = "com.apple.product-type.watchkit2-extension";
		};
/* End PBXNativeTarget section */

/* Begin PBXProject section */
		1805C5572203AA9300256F7B /* Project object */ = {
			isa = PBXProject;
			attributes = {
				LastSwiftUpdateCheck = 1010;
				LastUpgradeCheck = 1010;
				ORGANIZATIONNAME = "Andres Lopez";
				TargetAttributes = {
					1805C55E2203AA9300256F7B = {
						CreatedOnToolsVersion = 10.1;
					};
					1805C5702203AA9400256F7B = {
						CreatedOnToolsVersion = 10.1;
					};
					1805C57F2203AA9500256F7B = {
						CreatedOnToolsVersion = 10.1;
					};
				};
			};
			buildConfigurationList = 1805C55A2203AA9300256F7B /* Build configuration list for PBXProject "RockPaperScissorsSwift" */;
			compatibilityVersion = "Xcode 9.3";
			developmentRegion = en;
			hasScannedForEncodings = 0;
			knownRegions = (
				en,
				Base,
			);
			mainGroup = 1805C5562203AA9200256F7B;
			productRefGroup = 1805C5602203AA9300256F7B /* Products */;
			projectDirPath = "";
			projectRoot = "";
			targets = (
				1805C55E2203AA9300256F7B /* RockPaperScissorsSwift */,
				1805C5702203AA9400256F7B /* RockPaperScissorsSwift WatchKit App */,
				1805C57F2203AA9500256F7B /* RockPaperScissorsSwift WatchKit Extension */,
			);
		};
/* End PBXProject section */

/* Begin PBXResourcesBuildPhase section */
		1805C55D2203AA9300256F7B /* Resources */ = {
			isa = PBXResourcesBuildPhase;
			buildActionMask = 2147483647;
			files = (
				1805C56D2203AA9400256F7B /* LaunchScreen.storyboard in Resources */,
				1805C56A2203AA9400256F7B /* Assets.xcassets in Resources */,
				1805C5682203AA9300256F7B /* Main.storyboard in Resources */,
			);
			runOnlyForDeploymentPostprocessing = 0;
		};
		1805C56F2203AA9400256F7B /* Resources */ = {
			isa = PBXResourcesBuildPhase;
			buildActionMask = 2147483647;
			files = (
				1805C57A2203AA9500256F7B /* Assets.xcassets in Resources */,
				1805C5782203AA9400256F7B /* Interface.storyboard in Resources */,
			);
			runOnlyForDeploymentPostprocessing = 0;
		};
		1805C57E2203AA9500256F7B /* Resources */ = {
			isa = PBXResourcesBuildPhase;
			buildActionMask = 2147483647;
			files = (
				1805C58A2203AA9500256F7B /* Assets.xcassets in Resources */,
			);
			runOnlyForDeploymentPostprocessing = 0;
		};
/* End PBXResourcesBuildPhase section */

/* Begin PBXSourcesBuildPhase section */
		1805C55B2203AA9300256F7B /* Sources */ = {
			isa = PBXSourcesBuildPhase;
			buildActionMask = 2147483647;
			files = (
				1805C5652203AA9300256F7B /* ViewController.swift in Sources */,
				1805C5632203AA9300256F7B /* AppDelegate.swift in Sources */,
			);
			runOnlyForDeploymentPostprocessing = 0;
		};
		1805C57C2203AA9500256F7B /* Sources */ = {
			isa = PBXSourcesBuildPhase;
			buildActionMask = 2147483647;
			files = (
				1805C5882203AA9500256F7B /* ExtensionDelegate.swift in Sources */,
				1805C5862203AA9500256F7B /* InterfaceController.swift in Sources */,
			);
			runOnlyForDeploymentPostprocessing = 0;
		};
/* End PBXSourcesBuildPhase section */

/* Begin PBXTargetDependency section */
		1805C5742203AA9400256F7B /* PBXTargetDependency */ = {
			isa = PBXTargetDependency;
			target = 1805C5702203AA9400256F7B /* RockPaperScissorsSwift WatchKit App */;
			targetProxy = 1805C5732203AA9400256F7B /* PBXContainerItemProxy */;
		};
		1805C5832203AA9500256F7B /* PBXTargetDependency */ = {
			isa = PBXTargetDependency;
			target = 1805C57F2203AA9500256F7B /* RockPaperScissorsSwift WatchKit Extension */;
			targetProxy = 1805C5822203AA9500256F7B /* PBXContainerItemProxy */;
		};
/* End PBXTargetDependency section */

/* Begin PBXVariantGroup section */
		1805C5662203AA9300256F7B /* Main.storyboard */ = {
			isa = PBXVariantGroup;
			children = (
				1805C5672203AA9300256F7B /* Base */,
			);
			name = Main.storyboard;
			sourceTree = "<group>";
		};
		1805C56B2203AA9400256F7B /* LaunchScreen.storyboard */ = {
			isa = PBXVariantGroup;
			children = (
				1805C56C2203AA9400256F7B /* Base */,
			);
			name = LaunchScreen.storyboard;
			sourceTree = "<group>";
		};
		1805C5762203AA9400256F7B /* Interface.storyboard */ = {
			isa = PBXVariantGroup;
			children = (
				1805C5772203AA9400256F7B /* Base */,
			);
			name = Interface.storyboard;
			sourceTree = "<group>";
		};
/* End PBXVariantGroup section */

/* Begin XCBuildConfiguration section */
		1805C58C2203AA9500256F7B /* Debug */ = {
			isa = XCBuildConfiguration;
			buildSettings = {
				ALWAYS_SEARCH_USER_PATHS = NO;
				CLANG_ANALYZER_NONNULL = YES;
				CLANG_ANALYZER_NUMBER_OBJECT_CONVERSION = YES_AGGRESSIVE;
				CLANG_CXX_LANGUAGE_STANDARD = "gnu++14";
				CLANG_CXX_LIBRARY = "libc++";
				CLANG_ENABLE_MODULES = YES;
				CLANG_ENABLE_OBJC_ARC = YES;
				CLANG_ENABLE_OBJC_WEAK = YES;
				CLANG_WARN_BLOCK_CAPTURE_AUTORELEASING = YES;
				CLANG_WARN_BOOL_CONVERSION = YES;
				CLANG_WARN_COMMA = YES;
				CLANG_WARN_CONSTANT_CONVERSION = YES;
				CLANG_WARN_DEPRECATED_OBJC_IMPLEMENTATIONS = YES;
				CLANG_WARN_DIRECT_OBJC_ISA_USAGE = YES_ERROR;
				CLANG_WARN_DOCUMENTATION_COMMENTS = YES;
				CLANG_WARN_EMPTY_BODY = YES;
				CLANG_WARN_ENUM_CONVERSION = YES;
				CLANG_WARN_INFINITE_RECURSION = YES;
				CLANG_WARN_INT_CONVERSION = YES;
				CLANG_WARN_NON_LITERAL_NULL_CONVERSION = YES;
				CLANG_WARN_OBJC_IMPLICIT_RETAIN_SELF = YES;
				CLANG_WARN_OBJC_LITERAL_CONVERSION = YES;
				CLANG_WARN_OBJC_ROOT_CLASS = YES_ERROR;
				CLANG_WARN_RANGE_LOOP_ANALYSIS = YES;
				CLANG_WARN_STRICT_PROTOTYPES = YES;
				CLANG_WARN_SUSPICIOUS_MOVE = YES;
				CLANG_WARN_UNGUARDED_AVAILABILITY = YES_AGGRESSIVE;
				CLANG_WARN_UNREACHABLE_CODE = YES;
				CLANG_WARN__DUPLICATE_METHOD_MATCH = YES;
				CODE_SIGN_IDENTITY = "iPhone Developer";
				COPY_PHASE_STRIP = NO;
				DEBUG_INFORMATION_FORMAT = dwarf;
				ENABLE_STRICT_OBJC_MSGSEND = YES;
				ENABLE_TESTABILITY = YES;
				GCC_C_LANGUAGE_STANDARD = gnu11;
				GCC_DYNAMIC_NO_PIC = NO;
				GCC_NO_COMMON_BLOCKS = YES;
				GCC_OPTIMIZATION_LEVEL = 0;
				GCC_PREPROCESSOR_DEFINITIONS = (
					"DEBUG=1",
					"$(inherited)",
				);
				GCC_WARN_64_TO_32_BIT_CONVERSION = YES;
				GCC_WARN_ABOUT_RETURN_TYPE = YES_ERROR;
				GCC_WARN_UNDECLARED_SELECTOR = YES;
				GCC_WARN_UNINITIALIZED_AUTOS = YES_AGGRESSIVE;
				GCC_WARN_UNUSED_FUNCTION = YES;
				GCC_WARN_UNUSED_VARIABLE = YES;
				IPHONEOS_DEPLOYMENT_TARGET = 12.1;
				MTL_ENABLE_DEBUG_INFO = INCLUDE_SOURCE;
				MTL_FAST_MATH = YES;
				ONLY_ACTIVE_ARCH = YES;
				SDKROOT = iphoneos;
				SWIFT_ACTIVE_COMPILATION_CONDITIONS = DEBUG;
				SWIFT_OPTIMIZATION_LEVEL = "-Onone";
			};
			name = Debug;
		};
		1805C58D2203AA9500256F7B /* Release */ = {
			isa = XCBuildConfiguration;
			buildSettings = {
				ALWAYS_SEARCH_USER_PATHS = NO;
				CLANG_ANALYZER_NONNULL = YES;
				CLANG_ANALYZER_NUMBER_OBJECT_CONVERSION = YES_AGGRESSIVE;
				CLANG_CXX_LANGUAGE_STANDARD = "gnu++14";
				CLANG_CXX_LIBRARY = "libc++";
				CLANG_ENABLE_MODULES = YES;
				CLANG_ENABLE_OBJC_ARC = YES;
				CLANG_ENABLE_OBJC_WEAK = YES;
				CLANG_WARN_BLOCK_CAPTURE_AUTORELEASING = YES;
				CLANG_WARN_BOOL_CONVERSION = YES;
				CLANG_WARN_COMMA = YES;
				CLANG_WARN_CONSTANT_CONVERSION = YES;
				CLANG_WARN_DEPRECATED_OBJC_IMPLEMENTATIONS = YES;
				CLANG_WARN_DIRECT_OBJC_ISA_USAGE = YES_ERROR;
				CLANG_WARN_DOCUMENTATION_COMMENTS = YES;
				CLANG_WARN_EMPTY_BODY = YES;
				CLANG_WARN_ENUM_CONVERSION = YES;
				CLANG_WARN_INFINITE_RECURSION = YES;
				CLANG_WARN_INT_CONVERSION = YES;
				CLANG_WARN_NON_LITERAL_NULL_CONVERSION = YES;
				CLANG_WARN_OBJC_IMPLICIT_RETAIN_SELF = YES;
				CLANG_WARN_OBJC_LITERAL_CONVERSION = YES;
				CLANG_WARN_OBJC_ROOT_CLASS = YES_ERROR;
				CLANG_WARN_RANGE_LOOP_ANALYSIS = YES;
				CLANG_WARN_STRICT_PROTOTYPES = YES;
				CLANG_WARN_SUSPICIOUS_MOVE = YES;
				CLANG_WARN_UNGUARDED_AVAILABILITY = YES_AGGRESSIVE;
				CLANG_WARN_UNREACHABLE_CODE = YES;
				CLANG_WARN__DUPLICATE_METHOD_MATCH = YES;
				CODE_SIGN_IDENTITY = "iPhone Developer";
				COPY_PHASE_STRIP = NO;
				DEBUG_INFORMATION_FORMAT = "dwarf-with-dsym";
				ENABLE_NS_ASSERTIONS = NO;
				ENABLE_STRICT_OBJC_MSGSEND = YES;
				GCC_C_LANGUAGE_STANDARD = gnu11;
				GCC_NO_COMMON_BLOCKS = YES;
				GCC_WARN_64_TO_32_BIT_CONVERSION = YES;
				GCC_WARN_ABOUT_RETURN_TYPE = YES_ERROR;
				GCC_WARN_UNDECLARED_SELECTOR = YES;
				GCC_WARN_UNINITIALIZED_AUTOS = YES_AGGRESSIVE;
				GCC_WARN_UNUSED_FUNCTION = YES;
				GCC_WARN_UNUSED_VARIABLE = YES;
				IPHONEOS_DEPLOYMENT_TARGET = 12.1;
				MTL_ENABLE_DEBUG_INFO = NO;
				MTL_FAST_MATH = YES;
				SDKROOT = iphoneos;
				SWIFT_COMPILATION_MODE = wholemodule;
				SWIFT_OPTIMIZATION_LEVEL = "-O";
				VALIDATE_PRODUCT = YES;
			};
			name = Release;
		};
		1805C58F2203AA9500256F7B /* Debug */ = {
			isa = XCBuildConfiguration;
			buildSettings = {
				ASSETCATALOG_COMPILER_COMPLICATION_NAME = Complication;
				CODE_SIGN_STYLE = Automatic;
				DEVELOPMENT_TEAM = 95QWWBBN93;
				INFOPLIST_FILE = "RockPaperScissorsSwift WatchKit Extension/Info.plist";
				LD_RUNPATH_SEARCH_PATHS = (
					"$(inherited)",
					"@executable_path/Frameworks",
					"@executable_path/../../Frameworks",
				);
				PRODUCT_BUNDLE_IDENTIFIER = com.kal.RockPaperScissorsSwift.watchkitapp.watchkitextension;
				PRODUCT_NAME = "${TARGET_NAME}";
				SDKROOT = watchos;
				SKIP_INSTALL = YES;
				SWIFT_VERSION = 4.2;
				TARGETED_DEVICE_FAMILY = 4;
				WATCHOS_DEPLOYMENT_TARGET = 5.1;
			};
			name = Debug;
		};
		1805C5902203AA9500256F7B /* Release */ = {
			isa = XCBuildConfiguration;
			buildSettings = {
				ASSETCATALOG_COMPILER_COMPLICATION_NAME = Complication;
				CODE_SIGN_STYLE = Automatic;
				DEVELOPMENT_TEAM = 95QWWBBN93;
				INFOPLIST_FILE = "RockPaperScissorsSwift WatchKit Extension/Info.plist";
				LD_RUNPATH_SEARCH_PATHS = (
					"$(inherited)",
					"@executable_path/Frameworks",
					"@executable_path/../../Frameworks",
				);
				PRODUCT_BUNDLE_IDENTIFIER = com.kal.RockPaperScissorsSwift.watchkitapp.watchkitextension;
				PRODUCT_NAME = "${TARGET_NAME}";
				SDKROOT = watchos;
				SKIP_INSTALL = YES;
				SWIFT_VERSION = 4.2;
				TARGETED_DEVICE_FAMILY = 4;
				WATCHOS_DEPLOYMENT_TARGET = 5.1;
			};
			name = Release;
		};
		1805C5932203AA9500256F7B /* Debug */ = {
			isa = XCBuildConfiguration;
			buildSettings = {
				ALWAYS_EMBED_SWIFT_STANDARD_LIBRARIES = YES;
				ASSETCATALOG_COMPILER_APPICON_NAME = AppIcon;
				CODE_SIGN_STYLE = Automatic;
				DEVELOPMENT_TEAM = 95QWWBBN93;
				IBSC_MODULE = RockPaperScissorsSwift_WatchKit_Extension;
				INFOPLIST_FILE = "RockPaperScissorsSwift WatchKit App/Info.plist";
				PRODUCT_BUNDLE_IDENTIFIER = com.kal.RockPaperScissorsSwift.watchkitapp;
				PRODUCT_NAME = "$(TARGET_NAME)";
				SDKROOT = watchos;
				SKIP_INSTALL = YES;
				SWIFT_VERSION = 4.2;
				TARGETED_DEVICE_FAMILY = 4;
				WATCHOS_DEPLOYMENT_TARGET = 5.1;
			};
			name = Debug;
		};
		1805C5942203AA9500256F7B /* Release */ = {
			isa = XCBuildConfiguration;
			buildSettings = {
				ALWAYS_EMBED_SWIFT_STANDARD_LIBRARIES = YES;
				ASSETCATALOG_COMPILER_APPICON_NAME = AppIcon;
				CODE_SIGN_STYLE = Automatic;
				DEVELOPMENT_TEAM = 95QWWBBN93;
				IBSC_MODULE = RockPaperScissorsSwift_WatchKit_Extension;
				INFOPLIST_FILE = "RockPaperScissorsSwift WatchKit App/Info.plist";
				PRODUCT_BUNDLE_IDENTIFIER = com.kal.RockPaperScissorsSwift.watchkitapp;
				PRODUCT_NAME = "$(TARGET_NAME)";
				SDKROOT = watchos;
				SKIP_INSTALL = YES;
				SWIFT_VERSION = 4.2;
				TARGETED_DEVICE_FAMILY = 4;
				WATCHOS_DEPLOYMENT_TARGET = 5.1;
			};
			name = Release;
		};
		1805C5972203AA9500256F7B /* Debug */ = {
			isa = XCBuildConfiguration;
			buildSettings = {
				ASSETCATALOG_COMPILER_APPICON_NAME = AppIcon;
				CODE_SIGN_STYLE = Automatic;
				DEVELOPMENT_TEAM = 95QWWBBN93;
				INFOPLIST_FILE = RockPaperScissorsSwift/Info.plist;
				LD_RUNPATH_SEARCH_PATHS = (
					"$(inherited)",
					"@executable_path/Frameworks",
				);
				PRODUCT_BUNDLE_IDENTIFIER = com.kal.RockPaperScissorsSwift;
				PRODUCT_NAME = "$(TARGET_NAME)";
				SWIFT_VERSION = 4.2;
				TARGETED_DEVICE_FAMILY = "1,2";
			};
			name = Debug;
		};
		1805C5982203AA9500256F7B /* Release */ = {
			isa = XCBuildConfiguration;
			buildSettings = {
				ASSETCATALOG_COMPILER_APPICON_NAME = AppIcon;
				CODE_SIGN_STYLE = Automatic;
				DEVELOPMENT_TEAM = 95QWWBBN93;
				INFOPLIST_FILE = RockPaperScissorsSwift/Info.plist;
				LD_RUNPATH_SEARCH_PATHS = (
					"$(inherited)",
					"@executable_path/Frameworks",
				);
				PRODUCT_BUNDLE_IDENTIFIER = com.kal.RockPaperScissorsSwift;
				PRODUCT_NAME = "$(TARGET_NAME)";
				SWIFT_VERSION = 4.2;
				TARGETED_DEVICE_FAMILY = "1,2";
			};
			name = Release;
		};
/* End XCBuildConfiguration section */

/* Begin XCConfigurationList section */
		1805C55A2203AA9300256F7B /* Build configuration list for PBXProject "RockPaperScissorsSwift" */ = {
			isa = XCConfigurationList;
			buildConfigurations = (
				1805C58C2203AA9500256F7B /* Debug */,
				1805C58D2203AA9500256F7B /* Release */,
			);
			defaultConfigurationIsVisible = 0;
			defaultConfigurationName = Release;
		};
		1805C58E2203AA9500256F7B /* Build configuration list for PBXNativeTarget "RockPaperScissorsSwift WatchKit Extension" */ = {
			isa = XCConfigurationList;
			buildConfigurations = (
				1805C58F2203AA9500256F7B /* Debug */,
				1805C5902203AA9500256F7B /* Release */,
			);
			defaultConfigurationIsVisible = 0;
			defaultConfigurationName = Release;
		};
		1805C5922203AA9500256F7B /* Build configuration list for PBXNativeTarget "RockPaperScissorsSwift WatchKit App" */ = {
			isa = XCConfigurationList;
			buildConfigurations = (
				1805C5932203AA9500256F7B /* Debug */,
				1805C5942203AA9500256F7B /* Release */,
			);
			defaultConfigurationIsVisible = 0;
			defaultConfigurationName = Release;
		};
		1805C5962203AA9500256F7B /* Build configuration list for PBXNativeTarget "RockPaperScissorsSwift" */ = {
			isa = XCConfigurationList;
			buildConfigurations = (
				1805C5972203AA9500256F7B /* Debug */,
				1805C5982203AA9500256F7B /* Release */,
			);
			defaultConfigurationIsVisible = 0;
			defaultConfigurationName = Release;
		};
/* End XCConfigurationList section */
	};
	rootObject = 1805C5572203AA9300256F7B /* Project object */;
}
